{
	"name": "csgocoordinator",
	"version": "1.1.0",
	"lockfileVersion": 1,
	"requires": true,
	"dependencies": {
		"@doctormckay/stats-reporter": {
			"version": "1.0.4",
			"resolved": "https://registry.npmjs.org/@doctormckay/stats-reporter/-/stats-reporter-1.0.4.tgz",
			"integrity": "sha512-J8YqHQGZ3OdrT4xzWOzvA/p3vnXNnSOsAybPa5+02YE5U46JbZexfzU8nJV+2iN7GWhGvLAQNgdvFHl5WKB4iw==",
			"dev": true
		},
		"@mandreasen/nodejs-stats-reporter": {
			"version": "1.0.1",
			"resolved": "https://registry.npmjs.org/@mandreasen/nodejs-stats-reporter/-/nodejs-stats-reporter-1.0.1.tgz",
			"integrity": "sha512-KATD6XgZFwHU0BGYo6FE9Rz0UJ8xTBua8tivwnCnStBw2xtRHLpOfckj5gNF9sPwQGbc9YUrWsHZhyRe704VkQ=="
		},
		"adm-zip": {
			"version": "0.4.7",
			"resolved": "https://registry.npmjs.org/adm-zip/-/adm-zip-0.4.7.tgz",
			"integrity": "sha1-hgbCy/HEJs6MjsABdER/1Jtur8E=",
			"dev": true
		},
		"ansi-regex": {
			"version": "2.1.1",
			"resolved": "https://registry.npmjs.org/ansi-regex/-/ansi-regex-2.1.1.tgz",
			"integrity": "sha1-w7M6te42DYbg5ijwRorn7yfWVN8="
		},
		"ascli": {
			"version": "1.0.1",
			"resolved": "https://registry.npmjs.org/ascli/-/ascli-1.0.1.tgz",
			"integrity": "sha1-vPpZdKYvGOgcq660lzKrSoj5Brw=",
			"requires": {
				"colour": "0.7.1",
				"optjs": "3.2.2"
			}
		},
		"balanced-match": {
			"version": "1.0.0",
			"resolved": "https://registry.npmjs.org/balanced-match/-/balanced-match-1.0.0.tgz",
			"integrity": "sha1-ibTRmasr7kneFk6gK4nORi1xt2c="
		},
		"bignumber.js": {
			"version": "6.0.0",
			"resolved": "https://registry.npmjs.org/bignumber.js/-/bignumber.js-6.0.0.tgz",
			"integrity": "sha512-x247jIuy60/+FtMRvscqfxtVHQf8AGx2hm9c6btkgC0x/hp9yt+teISNhvF8WlwRkCc5yF2fDECH8SIMe8j+GA=="
		},
		"brace-expansion": {
			"version": "1.1.11",
			"resolved": "https://registry.npmjs.org/brace-expansion/-/brace-expansion-1.1.11.tgz",
			"integrity": "sha512-iCuPHDFgrHX7H2vEI/5xpz07zSHB00TpugqhmYtVmMO6518mCuRMoOYFldEBl0g187ufozdaHgWKcYFb61qGiA==",
			"requires": {
				"balanced-match": "1.0.0",
				"concat-map": "0.0.1"
			}
		},
		"buffer-crc32": {
			"version": "0.2.13",
			"resolved": "https://registry.npmjs.org/buffer-crc32/-/buffer-crc32-0.2.13.tgz",
			"integrity": "sha1-DTM+PwDqxQqhRUq9MO+MKl2ackI=",
			"dev": true
		},
		"bytebuffer": {
			"version": "5.0.1",
			"resolved": "https://registry.npmjs.org/bytebuffer/-/bytebuffer-5.0.1.tgz",
			"integrity": "sha1-WC7qSxqHO20CCkjVjfhfC7ps/d0=",
			"requires": {
				"long": "3.2.0"
			},
			"dependencies": {
				"long": {
					"version": "3.2.0",
					"resolved": "https://registry.npmjs.org/long/-/long-3.2.0.tgz",
					"integrity": "sha1-2CG3E4yhy1gcFymQ7xTbIAtcR0s="
				}
			}
		},
		"camelcase": {
			"version": "2.1.1",
			"resolved": "https://registry.npmjs.org/camelcase/-/camelcase-2.1.1.tgz",
			"integrity": "sha1-fB0W1nmhu+WcoCys7PsBHiAfWh8="
		},
		"cliui": {
			"version": "3.2.0",
			"resolved": "https://registry.npmjs.org/cliui/-/cliui-3.2.0.tgz",
			"integrity": "sha1-EgYBU3qRbSmUD5NNo7SNWFo5IT0=",
			"requires": {
				"string-width": "1.0.2",
				"strip-ansi": "3.0.1",
				"wrap-ansi": "2.1.0"
			}
		},
		"code-point-at": {
			"version": "1.1.0",
			"resolved": "https://registry.npmjs.org/code-point-at/-/code-point-at-1.1.0.tgz",
			"integrity": "sha1-DQcLTQQ6W+ozovGkDi7bPZpMz3c="
		},
		"colour": {
			"version": "0.7.1",
			"resolved": "https://registry.npmjs.org/colour/-/colour-0.7.1.tgz",
			"integrity": "sha1-nLFpkX7F0SwHNtPoaFdG3xyt93g="
		},
		"concat-map": {
			"version": "0.0.1",
			"resolved": "https://registry.npmjs.org/concat-map/-/concat-map-0.0.1.tgz",
			"integrity": "sha1-2Klr13/Wjfd5OnMDajug1UBdR3s="
		},
		"decamelize": {
			"version": "1.2.0",
			"resolved": "https://registry.npmjs.org/decamelize/-/decamelize-1.2.0.tgz",
			"integrity": "sha1-9lNNFRSCabIDUue+4m9QH5oZEpA="
		},
		"fs.realpath": {
			"version": "1.0.0",
			"resolved": "https://registry.npmjs.org/fs.realpath/-/fs.realpath-1.0.0.tgz",
			"integrity": "sha1-FQStJSMVjKpA20onh8sBQRmU6k8="
		},
		"glob": {
			"version": "7.1.2",
			"resolved": "https://registry.npmjs.org/glob/-/glob-7.1.2.tgz",
			"integrity": "sha512-MJTUg1kjuLeQCJ+ccE4Vpa6kKVXkPYJ2mOCQyUuKLcLQsdrMCpBPUi8qVE6+YuaJkozeA9NusTAw3hLr8Xe5EQ==",
			"requires": {
				"fs.realpath": "1.0.0",
				"inflight": "1.0.6",
				"inherits": "2.0.3",
				"minimatch": "3.0.4",
				"once": "1.4.0",
				"path-is-absolute": "1.0.1"
			}
		},
		"inflight": {
			"version": "1.0.6",
			"resolved": "https://registry.npmjs.org/inflight/-/inflight-1.0.6.tgz",
			"integrity": "sha1-Sb1jMdfQLQwJvJEKEHW6gWW1bfk=",
			"requires": {
				"once": "1.4.0",
				"wrappy": "1.0.2"
			}
		},
		"inherits": {
			"version": "2.0.3",
			"resolved": "https://registry.npmjs.org/inherits/-/inherits-2.0.3.tgz",
			"integrity": "sha1-Yzwsg+PaQqUC9SRmAiSA9CCCYd4="
		},
		"invert-kv": {
			"version": "1.0.0",
			"resolved": "https://registry.npmjs.org/invert-kv/-/invert-kv-1.0.0.tgz",
			"integrity": "sha1-EEqOSqym09jNFXqO+L+rLXo//bY="
		},
		"is-fullwidth-code-point": {
			"version": "1.0.0",
			"resolved": "https://registry.npmjs.org/is-fullwidth-code-point/-/is-fullwidth-code-point-1.0.0.tgz",
			"integrity": "sha1-754xOG8DGn8NZDr4L95QxFfvAMs=",
			"requires": {
				"number-is-nan": "1.0.1"
			}
		},
		"lcid": {
			"version": "1.0.0",
			"resolved": "https://registry.npmjs.org/lcid/-/lcid-1.0.0.tgz",
			"integrity": "sha1-MIrMr6C8SDo4Z7S28rlQYlHRuDU=",
			"requires": {
				"invert-kv": "1.0.0"
			}
		},
		"long": {
			"version": "4.0.0",
			"resolved": "https://registry.npmjs.org/long/-/long-4.0.0.tgz",
			"integrity": "sha512-XsP+KhQif4bjX1kbuSiySJFNAehNxgLb6hPRGJ9QsUr8ajHkuXGdrHmFUTUUXhDwVX2R5bY4JNZEwbUiMhV+MA=="
		},
		"minimatch": {
			"version": "3.0.4",
			"resolved": "https://registry.npmjs.org/minimatch/-/minimatch-3.0.4.tgz",
			"integrity": "sha512-yJHVQEhyqPLUTgt9B83PXu6W3rx4MvvHvSUvToogpwoGDOUQ+yDrR0HRot+yOCdCO7u4hX3pWft6kWBBcqh0UA==",
			"requires": {
				"brace-expansion": "1.1.11"
			}
		},
		"number-is-nan": {
			"version": "1.0.1",
			"resolved": "https://registry.npmjs.org/number-is-nan/-/number-is-nan-1.0.1.tgz",
			"integrity": "sha1-CXtgK1NCKlIsGvuHkDGDNpQaAR0="
		},
		"once": {
			"version": "1.4.0",
			"resolved": "https://registry.npmjs.org/once/-/once-1.4.0.tgz",
			"integrity": "sha1-WDsap3WWHUsROsF9nFC6753Xa9E=",
			"requires": {
				"wrappy": "1.0.2"
			}
		},
		"optjs": {
			"version": "3.2.2",
			"resolved": "https://registry.npmjs.org/optjs/-/optjs-3.2.2.tgz",
			"integrity": "sha1-aabOicRCpEQDFBrS+bNwvVu29O4="
		},
		"os-locale": {
			"version": "1.4.0",
			"resolved": "https://registry.npmjs.org/os-locale/-/os-locale-1.4.0.tgz",
			"integrity": "sha1-IPnxeuKe00XoveWDsT0gCYA8FNk=",
			"requires": {
				"lcid": "1.0.0"
			}
		},
		"path-is-absolute": {
			"version": "1.0.1",
			"resolved": "https://registry.npmjs.org/path-is-absolute/-/path-is-absolute-1.0.1.tgz",
			"integrity": "sha1-F0uSaHNVNP+8es5r9TpanhtcX18="
		},
		"protobufjs": {
			"version": "5.0.2",
			"resolved": "https://registry.npmjs.org/protobufjs/-/protobufjs-5.0.2.tgz",
			"integrity": "sha1-WXSNfc8D0tsiwT2p/rAk4Wq4DJE=",
			"requires": {
				"ascli": "1.0.1",
				"bytebuffer": "5.0.1",
				"glob": "7.1.2",
				"yargs": "3.32.0"
			}
		},
		"steam": {
			"version": "1.4.0",
			"resolved": "https://registry.npmjs.org/steam/-/steam-1.4.0.tgz",
			"integrity": "sha1-vAPCvzZd298E2yd1NBPS3bg1sbE=",
			"dev": true,
			"requires": {
				"adm-zip": "0.4.7",
				"buffer-crc32": "0.2.13",
				"bytebuffer": "5.0.1",
				"steam-crypto": "0.0.1",
				"steam-resources": "1.0.0"
			},
			"dependencies": {
				"colour": {
					"version": "0.7.1",
					"resolved": "https://registry.npmjs.org/colour/-/colour-0.7.1.tgz",
					"integrity": "sha1-nLFpkX7F0SwHNtPoaFdG3xyt93g="
				},
				"inherits": {
					"version": "2.0.1",
					"resolved": "https://registry.npmjs.org/inherits/-/inherits-2.0.1.tgz",
					"integrity": "sha1-sX0I0ya0Qj5Wjv9xn5GwscvfafE=",
					"dev": true
				},
				"optjs": {
					"version": "3.2.1-boom",
					"resolved": "https://registry.npmjs.org/optjs/-/optjs-3.2.1-boom.tgz",
					"integrity": "sha1-vAr2yGR9te7FEcTKLSZPlkat11g="
				},
				"steam-resources": {
					"version": "1.0.0",
					"bundled": true,
					"dev": true,
					"requires": {
						"bytebuffer": "5.0.0",
						"protobufjs": "4.1.2"
					},
					"dependencies": {
						"bytebuffer": {
							"version": "5.0.0",
							"bundled": true,
							"dev": true,
							"requires": {
								"long": "3.0.1"
							},
							"dependencies": {
								"long": {
									"version": "3.0.1",
									"bundled": true,
									"dev": true
								}
							}
						},
						"colour": {
							"version": "0.7.1",
							"resolved": "https://registry.npmjs.org/colour/-/colour-0.7.1.tgz",
							"integrity": "sha1-nLFpkX7F0SwHNtPoaFdG3xyt93g=",
							"dev": true
						},
						"optjs": {
							"version": "3.2.2",
							"resolved": "https://registry.npmjs.org/optjs/-/optjs-3.2.2.tgz",
							"integrity": "sha1-aabOicRCpEQDFBrS+bNwvVu29O4=",
							"dev": true
						},
						"protobufjs": {
							"version": "4.1.2",
							"bundled": true,
							"dev": true,
							"requires": {
								"ascli": "1.0.0",
								"bytebuffer": "4.1.0",
								"glob": "5.0.15",
								"yargs": "3.29.0"
							},
							"dependencies": {
								"ascli": {
									"version": "1.0.0",
									"bundled": true,
									"dev": true,
									"requires": {
										"colour": "0.7.1",
										"optjs": "3.2.2"
									}
								},
								"bytebuffer": {
									"version": "4.1.0",
									"bundled": true,
									"dev": true,
									"requires": {
										"bufferview": "1.0.1",
										"long": "2.4.0"
									},
									"dependencies": {
										"bufferview": {
											"version": "1.0.1",
											"bundled": true,
											"dev": true
										},
										"long": {
											"version": "2.4.0",
											"bundled": true,
											"dev": true
										}
									}
								},
								"glob": {
									"version": "5.0.15",
									"bundled": true,
									"dev": true,
									"requires": {
										"inflight": "1.0.4",
										"inherits": "2.0.1",
										"minimatch": "3.0.0",
										"once": "1.3.2",
										"path-is-absolute": "1.0.0"
									},
									"dependencies": {
										"inflight": {
											"version": "1.0.4",
											"bundled": true,
											"dev": true,
											"requires": {
												"once": "1.3.2",
												"wrappy": "1.0.1"
											},
											"dependencies": {
												"wrappy": {
													"version": "1.0.1",
													"bundled": true,
													"dev": true
												}
											}
										},
										"minimatch": {
											"version": "3.0.0",
											"bundled": true,
											"dev": true,
											"requires": {
												"brace-expansion": "1.1.1"
											},
											"dependencies": {
												"brace-expansion": {
													"version": "1.1.1",
													"bundled": true,
													"dev": true,
													"requires": {
														"balanced-match": "0.2.1",
														"concat-map": "0.0.1"
													},
													"dependencies": {
														"balanced-match": {
															"version": "0.2.1",
															"bundled": true,
															"dev": true
														},
														"concat-map": {
															"version": "0.0.1",
															"bundled": true,
															"dev": true
														}
													}
												}
											}
										},
										"once": {
											"version": "1.3.2",
											"bundled": true,
											"dev": true,
											"requires": {
												"wrappy": "1.0.1"
											},
											"dependencies": {
												"wrappy": {
													"version": "1.0.1",
													"bundled": true,
													"dev": true
												}
											}
										},
										"path-is-absolute": {
											"version": "1.0.0",
											"bundled": true,
											"dev": true
										}
									}
								},
								"yargs": {
									"version": "3.29.0",
									"bundled": true,
									"dev": true,
									"requires": {
										"camelcase": "1.2.1",
										"cliui": "3.0.3",
										"decamelize": "1.1.1",
										"os-locale": "1.4.0",
										"window-size": "0.1.2",
										"y18n": "3.2.0"
									},
									"dependencies": {
										"camelcase": {
											"version": "1.2.1",
											"bundled": true,
											"dev": true
										},
										"cliui": {
											"version": "3.0.3",
											"bundled": true,
											"dev": true,
											"requires": {
												"string-width": "1.0.1",
												"strip-ansi": "3.0.0",
												"wrap-ansi": "1.0.0"
											},
											"dependencies": {
												"string-width": {
													"version": "1.0.1",
													"bundled": true,
													"dev": true,
													"requires": {
														"code-point-at": "1.0.0",
														"is-fullwidth-code-point": "1.0.0",
														"strip-ansi": "3.0.0"
													},
													"dependencies": {
														"code-point-at": {
															"version": "1.0.0",
															"bundled": true,
															"dev": true,
															"requires": {
																"number-is-nan": "1.0.0"
															},
															"dependencies": {
																"number-is-nan": {
																	"version": "1.0.0",
																	"bundled": true,
																	"dev": true
																}
															}
														},
														"is-fullwidth-code-point": {
															"version": "1.0.0",
															"bundled": true,
															"dev": true,
															"requires": {
																"number-is-nan": "1.0.0"
															},
															"dependencies": {
																"number-is-nan": {
																	"version": "1.0.0",
																	"bundled": true,
																	"dev": true
																}
															}
														}
													}
												},
												"strip-ansi": {
													"version": "3.0.0",
													"bundled": true,
													"dev": true,
													"requires": {
														"ansi-regex": "2.0.0"
													},
													"dependencies": {
														"ansi-regex": {
															"version": "2.0.0",
															"bundled": true,
															"dev": true
														}
													}
												},
												"wrap-ansi": {
													"version": "1.0.0",
													"bundled": true,
													"dev": true,
													"requires": {
														"string-width": "1.0.1"
													}
												}
											}
										},
										"decamelize": {
											"version": "1.1.1",
											"bundled": true,
											"dev": true
										},
										"os-locale": {
											"version": "1.4.0",
											"bundled": true,
											"dev": true,
											"requires": {
												"lcid": "1.0.0"
											},
											"dependencies": {
												"lcid": {
													"version": "1.0.0",
													"bundled": true,
													"dev": true,
													"requires": {
														"invert-kv": "1.0.0"
													},
													"dependencies": {
														"invert-kv": {
															"version": "1.0.0",
															"bundled": true,
															"dev": true
														}
													}
												}
											}
										},
										"window-size": {
											"version": "0.1.2",
											"bundled": true,
											"dev": true
										},
										"y18n": {
											"version": "3.2.0",
											"bundled": true,
											"dev": true
										}
									}
								}
							}
						}
					}
				}
			}
		},
		"steam-crypto": {
			"version": "0.0.1",
			"resolved": "https://registry.npmjs.org/steam-crypto/-/steam-crypto-0.0.1.tgz",
			"integrity": "sha1-BHexgqKx/dlBiT28wi4Ok7FKu38=",
			"dev": true
		},
		"steam-totp": {
			"version": "2.0.1",
			"resolved": "https://registry.npmjs.org/steam-totp/-/steam-totp-2.0.1.tgz",
			"integrity": "sha512-akFCFNkkXgQEOy99JxF94S1zYutNmoNKFdJM1tSStVo+gHRrIUg8QR267umeEnNG7/UM/9l4qKadxx7z1N+oHw==",
			"dev": true,
			"requires": {
				"@doctormckay/stats-reporter": "1.0.4"
			}
		},
		"string-width": {
			"version": "1.0.2",
			"resolved": "https://registry.npmjs.org/string-width/-/string-width-1.0.2.tgz",
			"integrity": "sha1-EYvfW4zcUaKn5w0hHgfisLmxB9M=",
			"requires": {
				"code-point-at": "1.1.0",
				"is-fullwidth-code-point": "1.0.0",
				"strip-ansi": "3.0.1"
			}
		},
		"strip-ansi": {
			"version": "3.0.1",
			"resolved": "https://registry.npmjs.org/strip-ansi/-/strip-ansi-3.0.1.tgz",
			"integrity": "sha1-ajhfuIU9lS1f8F0Oiq+UJ43GPc8=",
			"requires": {
				"ansi-regex": "2.1.1"
			}
		},
		"window-size": {
			"version": "0.1.4",
			"resolved": "https://registry.npmjs.org/window-size/-/window-size-0.1.4.tgz",
			"integrity": "sha1-+OGqHuWlPsW/FR/6CXQqatdpeHY="
		},
		"wrap-ansi": {
			"version": "2.1.0",
			"resolved": "https://registry.npmjs.org/wrap-ansi/-/wrap-ansi-2.1.0.tgz",
			"integrity": "sha1-2Pw9KE3QV5T+hJc8rs3Rz4JP3YU=",
			"requires": {
				"string-width": "1.0.2",
				"strip-ansi": "3.0.1"
			}
		},
		"wrappy": {
			"version": "1.0.2",
			"resolved": "https://registry.npmjs.org/wrappy/-/wrappy-1.0.2.tgz",
			"integrity": "sha1-tSQ9jz7BqjXxNkYFvA0QNuMKtp8="
		},
		"y18n": {
			"version": "3.2.1",
			"resolved": "https://registry.npmjs.org/y18n/-/y18n-3.2.1.tgz",
			"integrity": "sha1-bRX7qITAhnnA136I53WegR4H+kE="
		},
		"yargs": {
			"version": "3.32.0",
			"resolved": "https://registry.npmjs.org/yargs/-/yargs-3.32.0.tgz",
			"integrity": "sha1-AwiOnr+edWtpdRYR0qXvWRSCyZU=",
			"requires": {
				"camelcase": "2.1.1",
				"cliui": "3.2.0",
				"decamelize": "1.2.0",
				"os-locale": "1.4.0",
				"string-width": "1.0.2",
				"window-size": "0.1.4",
				"y18n": "3.2.1"
			}
		}
	}
}
